
Microsoft Visual Studio Solution File, Format Version 12.00
# Visual Studio Version 17
VisualStudioVersion = 17.11.35327.3
MinimumVisualStudioVersion = 10.0.40219.1
Project("{FAE04EC0-301F-11D3-BF4B-00C04F79EFBC}") = "AccentureGTGH_EFCore", "AccentureGTGH_EFCore\AccentureGTGH_EFCore.csproj", "{34461B6F-AA43-4B6A-969C-3E2355D3EA22}"
EndProject
Global
	GlobalSection(SolutionConfigurationPlatforms) = preSolution
		Debug|Any CPU = Debug|Any CPU
		Release|Any CPU = Release|Any CPU
	EndGlobalSection
	GlobalSection(ProjectConfigurationPlatforms) = postSolution
		{34461B6F-AA43-4B6A-969C-3E2355D3EA22}.Debug|Any CPU.ActiveCfg = Debug|Any CPU
		{34461B6F-AA43-4B6A-969C-3E2355D3EA22}.Debug|Any CPU.Build.0 = Debug|Any CPU
		{34461B6F-AA43-4B6A-969C-3E2355D3EA22}.Release|Any CPU.ActiveCfg = Release|Any CPU
		{34461B6F-AA43-4B6A-969C-3E2355D3EA22}.Release|Any CPU.Build.0 = Release|Any CPU
	EndGlobalSection
	GlobalSection(SolutionProperties) = preSolution
		HideSolutionNode = FALSE
	EndGlobalSection
	GlobalSection(ExtensibilityGlobals) = postSolution
		SolutionGuid = {24BD2FD0-0B54-4B43-B1E0-8DAEA2E24827}
	EndGlobalSection
EndGlobal
